# 语义令牌名称锁（DESIGN-SYSTEM 第 10 节第 1 条：语义映射是稳定契约）。
# 换肤只允许改 tokens/*.json 的 value；变更本文件需在 PR 说明理由。
# 重新生成：node packages/design-tokens/src/build-css.ts 后运行 pnpm tokens:check 校验。
breakpoint.desktop
breakpoint.tablet
color.danger
color.focus
color.info
color.neutral100
color.neutral600
color.neutral900
color.primary
color.success
color.successText
color.surface
color.warning
color.warningText
focusRing.offset
focusRing.width
font.body.lineHeight
font.body.size
font.caption.lineHeight
font.caption.size
font.display.lineHeight
font.display.size
font.h1.lineHeight
font.h1.size
font.h2.lineHeight
font.h2.size
font.h3.lineHeight
font.h3.size
fontFamily.en
fontFamily.mono
fontFamily.zh
layout.contentMaxWidth
space.1
space.12
space.2
space.3
space.4
space.6
space.8
targetSize.min
targetSize.primary
